
Microsoft Visual Studio Solution File, Format Version 12.00
# Visual Studio Version 16
VisualStudioVersion = 16.0.810.6
MinimumVisualStudioVersion = 10.0.40219.1
Project("{FAE04EC0-301F-11D3-BF4B-00C04F79EFBC}") = "Ofgem.API.GGSS.Domain", "Ofgem.API.GGSS.Domain.csproj", "{B91AFC88-EC55-4706-BC39-2152D13FCABC}"
EndProject
Global
	GlobalSection(SolutionConfigurationPlatforms) = preSolution
		Debug|Any CPU = Debug|Any CPU
		Release|Any CPU = Release|Any CPU
	EndGlobalSection
	GlobalSection(ProjectConfigurationPlatforms) = postSolution
		{B91AFC88-EC55-4706-BC39-2152D13FCABC}.Debug|Any CPU.ActiveCfg = Debug|Any CPU
		{B91AFC88-EC55-4706-BC39-2152D13FCABC}.Debug|Any CPU.Build.0 = Debug|Any CPU
		{B91AFC88-EC55-4706-BC39-2152D13FCABC}.Release|Any CPU.ActiveCfg = Release|Any CPU
		{B91AFC88-EC55-4706-BC39-2152D13FCABC}.Release|Any CPU.Build.0 = Release|Any CPU
	EndGlobalSection
	GlobalSection(SolutionProperties) = preSolution
		HideSolutionNode = FALSE
	EndGlobalSection
	GlobalSection(ExtensibilityGlobals) = postSolution
		SolutionGuid = {B215A5D6-6611-449F-97AB-661A01529719}
	EndGlobalSection
EndGlobal
